
Microsoft Visual Studio Solution File, Format Version 12.00
# Visual Studio Version 16
VisualStudioVersion = 16.0.30717.126
MinimumVisualStudioVersion = 10.0.40219.1
Project("{FAE04EC0-301F-11D3-BF4B-00C04F79EFBC}") = "ckad-requester", "src\ckad-requester\ckad-requester.csproj", "{06CA1328-A2F6-4D41-B2E9-552CA6669F58}"
EndProject
Global
	GlobalSection(SolutionConfigurationPlatforms) = preSolution
		Debug|Any CPU = Debug|Any CPU
		Release|Any CPU = Release|Any CPU
	EndGlobalSection
	GlobalSection(ProjectConfigurationPlatforms) = postSolution
		{06CA1328-A2F6-4D41-B2E9-552CA6669F58}.Debug|Any CPU.ActiveCfg = Debug|Any CPU
		{06CA1328-A2F6-4D41-B2E9-552CA6669F58}.Debug|Any CPU.Build.0 = Debug|Any CPU
		{06CA1328-A2F6-4D41-B2E9-552CA6669F58}.Release|Any CPU.ActiveCfg = Release|Any CPU
		{06CA1328-A2F6-4D41-B2E9-552CA6669F58}.Release|Any CPU.Build.0 = Release|Any CPU
	EndGlobalSection
	GlobalSection(SolutionProperties) = preSolution
		HideSolutionNode = FALSE
	EndGlobalSection
	GlobalSection(ExtensibilityGlobals) = postSolution
		SolutionGuid = {F11D137B-6033-42F9-8614-CF5AA313C124}
	EndGlobalSection
EndGlobal
